<?xml version="1.0" encoding="utf-8"?>
<Project ToolsVersion="4.0" xmlns="http://schemas.microsoft.com/developer/msbuild/2003">
  <ItemGroup>
    <Filter Include="LL1">
      <UniqueIdentifier>{82098c45-05be-45c3-86ca-63bdbb805070}</UniqueIdentifier>
    </Filter>
    <Filter Include="LL1\Walker">
      <UniqueIdentifier>{19cb6a10-f3ac-440b-b9b7-38a36a2e79eb}</UniqueIdentifier>
    </Filter>
    <Filter Include="LL1\Table">
      <UniqueIdentifier>{d1404600-87c4-4fa5-a9a5-59e943a6e7c6}</UniqueIdentifier>
    </Filter>
    <Filter Include="Json">
      <UniqueIdentifier>{87aba179-7241-4cb8-8f9e-f80059aebd7c}</UniqueIdentifier>
    </Filter>
  </ItemGroup>
  <ItemGroup>
    <Text Include="ReadMe.txt" />
  </ItemGroup>
  <ItemGroup>
    <ClInclude Include="LL1Walker.h">
      <Filter>LL1\Walker</Filter>
    </ClInclude>
    <ClInclude Include="LL1TableString.h">
      <Filter>LL1\Table</Filter>
    </ClInclude>
    <ClInclude Include="JsonAgregator.h">
      <Filter>Json</Filter>
    </ClInclude>
    <ClInclude Include="stdafx.h" />
    <ClInclude Include="targetver.h" />
  </ItemGroup>
  <ItemGroup>
    <ClCompile Include="LL1Walker.cpp">
      <Filter>LL1\Walker</Filter>
    </ClCompile>
    <ClCompile Include="LL1TableString.cpp">
      <Filter>LL1\Table</Filter>
    </ClCompile>
    <ClCompile Include="JsonAgregator.cpp">
      <Filter>Json</Filter>
    </ClCompile>
    <ClCompile Include="stdafx.cpp" />
  </ItemGroup>
</Project>