<?xml version="1.0" encoding="utf-8"?>
<Project ToolsVersion="4.0" xmlns="http://schemas.microsoft.com/developer/msbuild/2003">
  <ItemGroup>
    <Filter Include="Файлы исходного кода">
      <UniqueIdentifier>{4FC737F1-C7A5-4376-A066-2A32D752A2FF}</UniqueIdentifier>
      <Extensions>cpp;c;cc;cxx;def;odl;idl;hpj;bat;asm;asmx</Extensions>
    </Filter>
    <Filter Include="Заголовочные файлы">
      <UniqueIdentifier>{93995380-89BD-4b04-88EB-625FBE52EBFB}</UniqueIdentifier>
      <Extensions>h;hh;hpp;hxx;hm;inl;inc;xsd</Extensions>
    </Filter>
    <Filter Include="Файлы ресурсов">
      <UniqueIdentifier>{67DA6AB6-F800-4c08-8B7A-83BB121AAD01}</UniqueIdentifier>
      <Extensions>rc;ico;cur;bmp;dlg;rc2;rct;bin;rgs;gif;jpg;jpeg;jpe;resx;tiff;tif;png;wav;mfcribbon-ms</Extensions>
    </Filter>
    <Filter Include="LL1">
      <UniqueIdentifier>{82098c45-05be-45c3-86ca-63bdbb805070}</UniqueIdentifier>
    </Filter>
    <Filter Include="LL1\Walker">
      <UniqueIdentifier>{19cb6a10-f3ac-440b-b9b7-38a36a2e79eb}</UniqueIdentifier>
    </Filter>
    <Filter Include="LL1\Table">
      <UniqueIdentifier>{d1404600-87c4-4fa5-a9a5-59e943a6e7c6}</UniqueIdentifier>
    </Filter>
  </ItemGroup>
  <ItemGroup>
    <Text Include="ReadMe.txt" />
  </ItemGroup>
  <ItemGroup>
    <ClInclude Include="stdafx.h">
      <Filter>Заголовочные файлы</Filter>
    </ClInclude>
    <ClInclude Include="targetver.h">
      <Filter>Заголовочные файлы</Filter>
    </ClInclude>
    <ClInclude Include="LL1Walker.h">
      <Filter>LL1\Walker</Filter>
    </ClInclude>
    <ClInclude Include="LL1TableString.h">
      <Filter>LL1\Table</Filter>
    </ClInclude>
    <ClInclude Include="JsonAgregator.h">
      <Filter>Заголовочные файлы</Filter>
    </ClInclude>
  </ItemGroup>
  <ItemGroup>
    <ClCompile Include="stdafx.cpp">
      <Filter>Файлы исходного кода</Filter>
    </ClCompile>
    <ClCompile Include="main.cpp">
      <Filter>Файлы исходного кода</Filter>
    </ClCompile>
    <ClCompile Include="LL1Walker.cpp">
      <Filter>LL1\Walker</Filter>
    </ClCompile>
    <ClCompile Include="LL1TableString.cpp">
      <Filter>LL1\Table</Filter>
    </ClCompile>
    <ClCompile Include="JsonAgregator.cpp">
      <Filter>Файлы исходного кода</Filter>
    </ClCompile>
  </ItemGroup>
</Project>