<?xml version="1.0" encoding="utf-8"?>
<Project ToolsVersion="4.0" xmlns="http://schemas.microsoft.com/developer/msbuild/2003">
  <ItemGroup>
    <Filter Include="Analyzer">
      <UniqueIdentifier>{90f16d7a-8c43-4444-a9e2-11429e54129e}</UniqueIdentifier>
    </Filter>
    <Filter Include="Source">
      <UniqueIdentifier>{e018d0f9-0be2-431d-88e1-b2bae27989c9}</UniqueIdentifier>
    </Filter>
    <Filter Include="Tests">
      <UniqueIdentifier>{faa165d1-bbb8-4cc4-b21e-8a553dc95263}</UniqueIdentifier>
    </Filter>
  </ItemGroup>
  <ItemGroup>
    <Text Include="ReadMe.txt" />
  </ItemGroup>
  <ItemGroup>
    <ClInclude Include="..\SyntaxAnalyzer\SyntaxAnalyzer.h">
      <Filter>Analyzer</Filter>
    </ClInclude>
    <ClInclude Include="stdafx.h">
      <Filter>Source</Filter>
    </ClInclude>
    <ClInclude Include="targetver.h">
      <Filter>Source</Filter>
    </ClInclude>
  </ItemGroup>
  <ItemGroup>
    <ClCompile Include="..\SyntaxAnalyzer\SyntaxAnalyzer.cpp">
      <Filter>Analyzer</Filter>
    </ClCompile>
    <ClCompile Include="AnalyzerTests.cpp">
      <Filter>Tests</Filter>
    </ClCompile>
    <ClCompile Include="stdafx.cpp">
      <Filter>Source</Filter>
    </ClCompile>
  </ItemGroup>
</Project>