<?xml version="1.0" encoding="utf-8"?>
<Project ToolsVersion="4.0" xmlns="http://schemas.microsoft.com/developer/msbuild/2003">
  <ItemGroup>
    <Filter Include="Flex">
      <UniqueIdentifier>{8c5df5cc-9654-435f-b90d-f3c05ef917fb}</UniqueIdentifier>
    </Filter>
    <Filter Include="Lexer">
      <UniqueIdentifier>{813e13df-210b-4a62-a47f-e2d9d9a73ef3}</UniqueIdentifier>
    </Filter>
    <Filter Include="Source">
      <UniqueIdentifier>{1fe78714-710d-4caf-97ae-86746f545ab2}</UniqueIdentifier>
    </Filter>
  </ItemGroup>
  <ItemGroup>
    <Text Include="ReadMe.txt" />
  </ItemGroup>
  <ItemGroup>
    <ClInclude Include="FlexLexer.h">
      <Filter>Flex</Filter>
    </ClInclude>
    <ClInclude Include="unistd.h">
      <Filter>Flex</Filter>
    </ClInclude>
    <ClInclude Include="stdafx.h">
      <Filter>Source</Filter>
    </ClInclude>
    <ClInclude Include="targetver.h">
      <Filter>Source</Filter>
    </ClInclude>
  </ItemGroup>
  <ItemGroup>
    <ClCompile Include="stdafx.cpp">
      <Filter>Source</Filter>
    </ClCompile>
    <ClCompile Include="FlexLexer.cpp">
      <Filter>Flex</Filter>
    </ClCompile>
  </ItemGroup>
</Project>