<?xml version="1.0" encoding="utf-8"?>
<Project ToolsVersion="4.0" xmlns="http://schemas.microsoft.com/developer/msbuild/2003">
  <ItemGroup>
    <Filter Include="LR">
      <UniqueIdentifier>{306e065b-148e-4c94-ad01-5979201a965b}</UniqueIdentifier>
    </Filter>
    <Filter Include="LR\Walker">
      <UniqueIdentifier>{4942d441-ecdf-462a-8e66-04aa6ad3582b}</UniqueIdentifier>
    </Filter>
    <Filter Include="LR\Table">
      <UniqueIdentifier>{c81708bd-5957-4209-a57c-ffa4b0ad3d44}</UniqueIdentifier>
    </Filter>
  </ItemGroup>
  <ItemGroup>
    <ClInclude Include="targetver.h" />
    <ClInclude Include="stdafx.h" />
    <ClInclude Include="LRWalker.h">
      <Filter>LR\Walker</Filter>
    </ClInclude>
    <ClInclude Include="LRRow.h">
      <Filter>LR\Table</Filter>
    </ClInclude>
    <ClInclude Include="Rule.h">
      <Filter>LR\Table</Filter>
    </ClInclude>
  </ItemGroup>
  <ItemGroup>
    <ClCompile Include="stdafx.cpp" />
    <ClCompile Include="LRWalker.cpp">
      <Filter>LR\Walker</Filter>
    </ClCompile>
  </ItemGroup>
</Project>