<?xml version="1.0" encoding="utf-8"?>
<Project ToolsVersion="4.0" xmlns="http://schemas.microsoft.com/developer/msbuild/2003">
  <ItemGroup>
    <Filter Include="SyntaxAnalyzer">
      <UniqueIdentifier>{3ff49376-277e-4911-9bfb-c9438c2a813f}</UniqueIdentifier>
    </Filter>
    <Filter Include="Source">
      <UniqueIdentifier>{e534dbc7-7695-41c8-998e-45a7b1f12611}</UniqueIdentifier>
    </Filter>
    <Filter Include="Types">
      <UniqueIdentifier>{2e1d37fd-3ec1-4ef0-b3ca-cca3c44adebd}</UniqueIdentifier>
    </Filter>
  </ItemGroup>
  <ItemGroup>
    <Text Include="ReadMe.txt" />
  </ItemGroup>
  <ItemGroup>
    <ClInclude Include="SyntaxAnalyzer.h">
      <Filter>SyntaxAnalyzer</Filter>
    </ClInclude>
    <ClInclude Include="stdafx.h">
      <Filter>Source</Filter>
    </ClInclude>
    <ClInclude Include="targetver.h">
      <Filter>Source</Filter>
    </ClInclude>
    <ClInclude Include="Types.h">
      <Filter>Types</Filter>
    </ClInclude>
    <ClInclude Include="TableStorage.h" />
    <ClInclude Include="TableType.h" />
    <ClInclude Include="SyntaxExceptions.h">
      <Filter>SyntaxAnalyzer</Filter>
    </ClInclude>
  </ItemGroup>
  <ItemGroup>
    <ClCompile Include="SyntaxAnalyzer.cpp">
      <Filter>SyntaxAnalyzer</Filter>
    </ClCompile>
    <ClCompile Include="main.cpp">
      <Filter>Source</Filter>
    </ClCompile>
    <ClCompile Include="stdafx.cpp">
      <Filter>Source</Filter>
    </ClCompile>
    <ClCompile Include="TableStorage.cpp" />
    <ClCompile Include="SyntaxExceptions.cpp">
      <Filter>SyntaxAnalyzer</Filter>
    </ClCompile>
  </ItemGroup>
</Project>