<?xml version="1.0" encoding="utf-8"?>
<Project ToolsVersion="4.0" xmlns="http://schemas.microsoft.com/developer/msbuild/2003">
  <ItemGroup>
    <Filter Include="SyntaxAnalyzer">
      <UniqueIdentifier>{3ff49376-277e-4911-9bfb-c9438c2a813f}</UniqueIdentifier>
    </Filter>
    <Filter Include="Storage">
      <UniqueIdentifier>{1ca20ff1-59ee-48af-9154-3e839d8c1a6c}</UniqueIdentifier>
    </Filter>
    <Filter Include="SyntaxAnalyzer\Types">
      <UniqueIdentifier>{2e1d37fd-3ec1-4ef0-b3ca-cca3c44adebd}</UniqueIdentifier>
    </Filter>
    <Filter Include="SyntaxAnalyzer\Analyzer">
      <UniqueIdentifier>{5a587954-0526-4807-82fe-093867036908}</UniqueIdentifier>
    </Filter>
    <Filter Include="SyntaxAnalyzer\Exceptions">
      <UniqueIdentifier>{3a529abe-dff9-4566-a5d8-82139de83337}</UniqueIdentifier>
    </Filter>
  </ItemGroup>
  <ItemGroup>
    <ClInclude Include="Types.h">
      <Filter>SyntaxAnalyzer\Types</Filter>
    </ClInclude>
    <ClInclude Include="TableStorage.h">
      <Filter>Storage</Filter>
    </ClInclude>
    <ClInclude Include="TableType.h">
      <Filter>Storage</Filter>
    </ClInclude>
    <ClInclude Include="stdafx.h" />
    <ClInclude Include="targetver.h" />
    <ClInclude Include="SyntaxAnalyzer.h">
      <Filter>SyntaxAnalyzer\Analyzer</Filter>
    </ClInclude>
    <ClInclude Include="SyntaxExceptions.h">
      <Filter>SyntaxAnalyzer\Exceptions</Filter>
    </ClInclude>
  </ItemGroup>
  <ItemGroup>
    <ClCompile Include="TableStorage.cpp">
      <Filter>Storage</Filter>
    </ClCompile>
    <ClCompile Include="main.cpp" />
    <ClCompile Include="stdafx.cpp" />
    <ClCompile Include="SyntaxAnalyzer.cpp">
      <Filter>SyntaxAnalyzer\Analyzer</Filter>
    </ClCompile>
    <ClCompile Include="SyntaxExceptions.cpp">
      <Filter>SyntaxAnalyzer\Exceptions</Filter>
    </ClCompile>
  </ItemGroup>
</Project>